
Microsoft Visual Studio Solution File, Format Version 12.00
# Visual Studio Version 17
VisualStudioVersion = 17.0.31903.59
MinimumVisualStudioVersion = 10.0.40219.1
Project("{FAE04EC0-301F-11D3-BF4B-00C04F79EFBC}") = "ConsoleProject", "ConsoleProject\ConsoleProject.csproj", "{AB1D638E-18AC-41F7-9ECE-DC093F4C7623}"
EndProject
Project("{FAE04EC0-301F-11D3-BF4B-00C04F79EFBC}") = "ProblemTest", "ProblemTest\ProblemTest.csproj", "{084C563A-B4D1-4C54-A104-395C7FA774C1}"
EndProject
Global
	GlobalSection(SolutionConfigurationPlatforms) = preSolution
		Debug|Any CPU = Debug|Any CPU
		Release|Any CPU = Release|Any CPU
	EndGlobalSection
	GlobalSection(SolutionProperties) = preSolution
		HideSolutionNode = FALSE
	EndGlobalSection
	GlobalSection(ProjectConfigurationPlatforms) = postSolution
		{AB1D638E-18AC-41F7-9ECE-DC093F4C7623}.Debug|Any CPU.ActiveCfg = Debug|Any CPU
		{AB1D638E-18AC-41F7-9ECE-DC093F4C7623}.Debug|Any CPU.Build.0 = Debug|Any CPU
		{AB1D638E-18AC-41F7-9ECE-DC093F4C7623}.Release|Any CPU.ActiveCfg = Release|Any CPU
		{AB1D638E-18AC-41F7-9ECE-DC093F4C7623}.Release|Any CPU.Build.0 = Release|Any CPU
		{084C563A-B4D1-4C54-A104-395C7FA774C1}.Debug|Any CPU.ActiveCfg = Debug|Any CPU
		{084C563A-B4D1-4C54-A104-395C7FA774C1}.Debug|Any CPU.Build.0 = Debug|Any CPU
		{084C563A-B4D1-4C54-A104-395C7FA774C1}.Release|Any CPU.ActiveCfg = Release|Any CPU
		{084C563A-B4D1-4C54-A104-395C7FA774C1}.Release|Any CPU.Build.0 = Release|Any CPU
	EndGlobalSection
EndGlobal
